
Microsoft Visual Studio Solution File, Format Version 12.00
# Visual Studio Version 16
VisualStudioVersion = 16.0.28729.10
MinimumVisualStudioVersion = 10.0.40219.1
Project("{FAE04EC0-301F-11D3-BF4B-00C04F79EFBC}") = "mpLayoutManager", "mpLayoutManager\mpLayoutManager.csproj", "{7F169C59-523A-42C6-AE79-4AA84D40A983}"
EndProject
Project("{9A19103F-16F7-4668-BE54-9A1E7A4F7556}") = "_build", "build\_build.csproj", "{869405A5-B601-46D7-9CBE-A4CDDD3B2CAD}"
EndProject
Global
	GlobalSection(SolutionConfigurationPlatforms) = preSolution
		A2013|x64 = A2013|x64
		A2014|x64 = A2014|x64
		A2015|x64 = A2015|x64
		A2016|x64 = A2016|x64
		A2017|x64 = A2017|x64
		A2018|x64 = A2018|x64
		A2019|x64 = A2019|x64
		A2020|x64 = A2020|x64
		Debug|x64 = Debug|x64
	EndGlobalSection
	GlobalSection(ProjectConfigurationPlatforms) = postSolution
		{7F169C59-523A-42C6-AE79-4AA84D40A983}.A2013|x64.ActiveCfg = A2013|x64
		{7F169C59-523A-42C6-AE79-4AA84D40A983}.A2013|x64.Build.0 = A2013|x64
		{7F169C59-523A-42C6-AE79-4AA84D40A983}.A2014|x64.ActiveCfg = A2014|x64
		{7F169C59-523A-42C6-AE79-4AA84D40A983}.A2014|x64.Build.0 = A2014|x64
		{7F169C59-523A-42C6-AE79-4AA84D40A983}.A2015|x64.ActiveCfg = A2015|x64
		{7F169C59-523A-42C6-AE79-4AA84D40A983}.A2015|x64.Build.0 = A2015|x64
		{7F169C59-523A-42C6-AE79-4AA84D40A983}.A2016|x64.ActiveCfg = A2016|x64
		{7F169C59-523A-42C6-AE79-4AA84D40A983}.A2016|x64.Build.0 = A2016|x64
		{7F169C59-523A-42C6-AE79-4AA84D40A983}.A2017|x64.ActiveCfg = A2017|x64
		{7F169C59-523A-42C6-AE79-4AA84D40A983}.A2017|x64.Build.0 = A2017|x64
		{7F169C59-523A-42C6-AE79-4AA84D40A983}.A2018|x64.ActiveCfg = A2018|x64
		{7F169C59-523A-42C6-AE79-4AA84D40A983}.A2018|x64.Build.0 = A2018|x64
		{7F169C59-523A-42C6-AE79-4AA84D40A983}.A2019|x64.ActiveCfg = A2019|x64
		{7F169C59-523A-42C6-AE79-4AA84D40A983}.A2019|x64.Build.0 = A2019|x64
		{7F169C59-523A-42C6-AE79-4AA84D40A983}.A2020|x64.ActiveCfg = A2020|x64
		{7F169C59-523A-42C6-AE79-4AA84D40A983}.A2020|x64.Build.0 = A2020|x64
		{7F169C59-523A-42C6-AE79-4AA84D40A983}.Debug|x64.ActiveCfg = Debug|Any CPU
		{7F169C59-523A-42C6-AE79-4AA84D40A983}.Debug|x64.Build.0 = Debug|Any CPU
		{869405A5-B601-46D7-9CBE-A4CDDD3B2CAD}.A2013|x64.ActiveCfg = Release|Any CPU
		{869405A5-B601-46D7-9CBE-A4CDDD3B2CAD}.A2013|x64.Build.0 = Release|Any CPU
		{869405A5-B601-46D7-9CBE-A4CDDD3B2CAD}.A2014|x64.ActiveCfg = Release|Any CPU
		{869405A5-B601-46D7-9CBE-A4CDDD3B2CAD}.A2014|x64.Build.0 = Release|Any CPU
		{869405A5-B601-46D7-9CBE-A4CDDD3B2CAD}.A2015|x64.ActiveCfg = Release|Any CPU
		{869405A5-B601-46D7-9CBE-A4CDDD3B2CAD}.A2015|x64.Build.0 = Release|Any CPU
		{869405A5-B601-46D7-9CBE-A4CDDD3B2CAD}.A2016|x64.ActiveCfg = Release|Any CPU
		{869405A5-B601-46D7-9CBE-A4CDDD3B2CAD}.A2016|x64.Build.0 = Release|Any CPU
		{869405A5-B601-46D7-9CBE-A4CDDD3B2CAD}.A2017|x64.ActiveCfg = Release|Any CPU
		{869405A5-B601-46D7-9CBE-A4CDDD3B2CAD}.A2017|x64.Build.0 = Release|Any CPU
		{869405A5-B601-46D7-9CBE-A4CDDD3B2CAD}.A2018|x64.ActiveCfg = Release|Any CPU
		{869405A5-B601-46D7-9CBE-A4CDDD3B2CAD}.A2018|x64.Build.0 = Release|Any CPU
		{869405A5-B601-46D7-9CBE-A4CDDD3B2CAD}.A2019|x64.ActiveCfg = Release|Any CPU
		{869405A5-B601-46D7-9CBE-A4CDDD3B2CAD}.A2019|x64.Build.0 = Release|Any CPU
		{869405A5-B601-46D7-9CBE-A4CDDD3B2CAD}.A2020|x64.ActiveCfg = Release|Any CPU
		{869405A5-B601-46D7-9CBE-A4CDDD3B2CAD}.A2020|x64.Build.0 = Release|Any CPU
		{869405A5-B601-46D7-9CBE-A4CDDD3B2CAD}.Debug|x64.ActiveCfg = Debug|Any CPU
		{869405A5-B601-46D7-9CBE-A4CDDD3B2CAD}.Debug|x64.Build.0 = Debug|Any CPU
	EndGlobalSection
	GlobalSection(SolutionProperties) = preSolution
		HideSolutionNode = FALSE
	EndGlobalSection
	GlobalSection(ExtensibilityGlobals) = postSolution
		SolutionGuid = {BBE2E74D-5495-4C50-BC20-F26D712257EE}
	EndGlobalSection
EndGlobal
